
Microsoft Visual Studio Solution File, Format Version 12.00
# Visual Studio 2012
Project("{FAE04EC0-301F-11D3-BF4B-00C04F79EFBC}") = "WebFinger1", "WebFinger1\WebFinger1.csproj", "{9F334FFE-AD90-4168-8193-150E11BAA69E}"
EndProject
Global
	GlobalSection(SolutionConfigurationPlatforms) = preSolution
		Debug|Any CPU = Debug|Any CPU
		Release|Any CPU = Release|Any CPU
		Debug|x86 = Debug|x86
		Release|x86 = Release|x86
	EndGlobalSection
	GlobalSection(ProjectConfigurationPlatforms) = postSolution
		{9F334FFE-AD90-4168-8193-150E11BAA69E}.Debug|Any CPU.ActiveCfg = Debug|Any CPU
		{9F334FFE-AD90-4168-8193-150E11BAA69E}.Debug|Any CPU.Build.0 = Debug|Any CPU
		{9F334FFE-AD90-4168-8193-150E11BAA69E}.Debug|x86.ActiveCfg = Debug|Any CPU
		{9F334FFE-AD90-4168-8193-150E11BAA69E}.Debug|x86.Build.0 = Debug|Any CPU
		{9F334FFE-AD90-4168-8193-150E11BAA69E}.Release|Any CPU.ActiveCfg = Release|Any CPU
		{9F334FFE-AD90-4168-8193-150E11BAA69E}.Release|Any CPU.Build.0 = Release|Any CPU
		{9F334FFE-AD90-4168-8193-150E11BAA69E}.Release|x86.ActiveCfg = Release|Any CPU
		{9F334FFE-AD90-4168-8193-150E11BAA69E}.Release|x86.Build.0 = Release|Any CPU
	EndGlobalSection
EndGlobal
